
Microsoft Visual Studio Solution File, Format Version 12.00
# Visual Studio Version 17
VisualStudioVersion = 17.0.31903.59
MinimumVisualStudioVersion = 10.0.40219.1
Project("{9A19103F-16F7-4668-BE54-9A1E7A4F7556}") = "Dotnetsvcs.DbCtx.Abstractions", "Dotnetsvcs.DbCtx.Abstractions\Dotnetsvcs.DbCtx.Abstractions.csproj", "{BB493926-892B-46D8-9074-646979477DC6}"
EndProject
Project("{2150E333-8FDC-42A3-9474-1A3956D46DE8}") = "Test", "Test", "{492CB7C4-6AD6-42EC-9265-95325A4F55B8}"
EndProject
Project("{9A19103F-16F7-4668-BE54-9A1E7A4F7556}") = "Dotnetsvcs.DbCtx.Test", "Test\Dotnetsvcs.DbCtx.Test\Dotnetsvcs.DbCtx.Test.csproj", "{80B7D87B-049D-40D0-839E-FF35E7BDDA8F}"
EndProject
Project("{9A19103F-16F7-4668-BE54-9A1E7A4F7556}") = "Dotnetsvcs.DbCtx", "Dotnetsvcs.DbCtx\Dotnetsvcs.DbCtx.csproj", "{8BE73AF4-3DF5-4500-900C-AA617FC7877C}"
EndProject
Project("{9A19103F-16F7-4668-BE54-9A1E7A4F7556}") = "Dotnetsvcs.Svc", "Dotnetsvcs.Svc\Dotnetsvcs.Svc.csproj", "{0DBF4620-94BD-468F-90EA-3D5969262C0B}"
EndProject
Project("{9A19103F-16F7-4668-BE54-9A1E7A4F7556}") = "Dotnetsvcs.DtoParm.Abstractions", "Dotnetsvcs.DtoParm.Abstractions\Dotnetsvcs.DtoParm.Abstractions.csproj", "{9A2AC58B-44C7-4C2B-A5AF-D419E26DE154}"
EndProject
Project("{9A19103F-16F7-4668-BE54-9A1E7A4F7556}") = "Dotnetsvcs.Svc.Integration.Test", "Test\Dotnetsvcs.Svc.Integration.Test\Dotnetsvcs.Svc.Integration.Test.csproj", "{1D9CA46C-DF20-47A6-BEF9-6C9889FE6FA2}"
EndProject
Project("{9A19103F-16F7-4668-BE54-9A1E7A4F7556}") = "Dotnetsvcs.DtoData.Abstractions", "Dotnetsvcs.DtoData.Abstractions\Dotnetsvcs.DtoData.Abstractions.csproj", "{83AA947A-629A-446F-8A5E-979B4452C750}"
EndProject
Project("{9A19103F-16F7-4668-BE54-9A1E7A4F7556}") = "Dotnetsvcs", "Dotnetsvcs\Dotnetsvcs.csproj", "{A63C7001-8397-4EC8-BAE2-2A3610292C2A}"
EndProject
Project("{9A19103F-16F7-4668-BE54-9A1E7A4F7556}") = "Dotnetsvcs.Svc.Abstractions", "Dotnetsvcs.Svc.Abstractions\Dotnetsvcs.Svc.Abstractions.csproj", "{992E3F44-6F27-487A-8F13-42ACF73DAD1F}"
EndProject
Project("{9A19103F-16F7-4668-BE54-9A1E7A4F7556}") = "Dotnetsvcs.Facade.Abstractions", "Dotnetsvcs.Facade.Abstractions\Dotnetsvcs.Facade.Abstractions.csproj", "{458D93B0-732F-4D54-9DE2-83F6F3C43A10}"
EndProject
Project("{2150E333-8FDC-42A3-9474-1A3956D46DE8}") = "SampleApp", "SampleApp", "{4330D3DE-CA7D-4679-B439-A2143169B83D}"
EndProject
Project("{9A19103F-16F7-4668-BE54-9A1E7A4F7556}") = "BlazorApp", "..\SampleApp\BlazorApp\BlazorApp.csproj", "{D5052A43-EAE4-4B17-8FB2-CCD7091D3E06}"
EndProject
Project("{9A19103F-16F7-4668-BE54-9A1E7A4F7556}") = "MyApp.Db", "..\SampleApp\MyApp.Db\MyApp.Db.csproj", "{C177FD10-6BDA-45A9-9C39-C6CAA8DD0515}"
EndProject
Project("{9A19103F-16F7-4668-BE54-9A1E7A4F7556}") = "MyApp.DtoData", "..\SampleApp\MyApp.DtoData\MyApp.DtoData.csproj", "{FEBA4ECC-4D95-4575-9455-E397BDF952B2}"
EndProject
Project("{9A19103F-16F7-4668-BE54-9A1E7A4F7556}") = "MyApp.DtoParm", "..\SampleApp\MyApp.DtoParm\MyApp.DtoParm.csproj", "{DA95E057-6B8D-4A3A-9A09-6FB461CD9C4C}"
EndProject
Project("{9A19103F-16F7-4668-BE54-9A1E7A4F7556}") = "MyApp.Facade.BlazorServer", "..\SampleApp\MyApp.Facade.BlazorServer\MyApp.Facade.BlazorServer.csproj", "{119DA86A-B29C-4934-A726-E572E67BDCA1}"
EndProject
Project("{9A19103F-16F7-4668-BE54-9A1E7A4F7556}") = "MyApp.Facade.BlazorServer.Abstractions", "..\SampleApp\MyApp.Facade.BlazorServer.Abstractions\MyApp.Facade.BlazorServer.Abstractions.csproj", "{C93C262D-4095-4095-B50B-840D224F2297}"
EndProject
Project("{9A19103F-16F7-4668-BE54-9A1E7A4F7556}") = "MyApp.Models", "..\SampleApp\MyApp.Models\MyApp.Models.csproj", "{A428745B-0380-401B-A5D2-1B9DA7435A2B}"
EndProject
Project("{9A19103F-16F7-4668-BE54-9A1E7A4F7556}") = "MyApp.Projections", "..\SampleApp\MyApp.Projections\MyApp.Projections.csproj", "{6DB49ADB-3D55-4D31-9275-C8C9D70BEE63}"
EndProject
Project("{9A19103F-16F7-4668-BE54-9A1E7A4F7556}") = "MyApp.Projections.Abstractions", "..\SampleApp\MyApp.Projections.Abstractions\MyApp.Projections.Abstractions.csproj", "{C8AEF08B-71B7-4E8F-BBDC-088C69F78F48}"
EndProject
Project("{9A19103F-16F7-4668-BE54-9A1E7A4F7556}") = "MyApp.Svcs", "..\SampleApp\MyApp.Svc\MyApp.Svcs.csproj", "{3D62DE6F-4D7B-48E3-8AFD-3C95C899D6BD}"
EndProject
Project("{9A19103F-16F7-4668-BE54-9A1E7A4F7556}") = "MyApp.Svcs.Abstractions", "..\SampleApp\MyApp.Svc.Abstractions\MyApp.Svcs.Abstractions.csproj", "{73B8FEC2-E39A-4F81-9633-62B8016B787B}"
EndProject
Global
	GlobalSection(SolutionConfigurationPlatforms) = preSolution
		Debug|Any CPU = Debug|Any CPU
		Release|Any CPU = Release|Any CPU
	EndGlobalSection
	GlobalSection(ProjectConfigurationPlatforms) = postSolution
		{BB493926-892B-46D8-9074-646979477DC6}.Debug|Any CPU.ActiveCfg = Debug|Any CPU
		{BB493926-892B-46D8-9074-646979477DC6}.Debug|Any CPU.Build.0 = Debug|Any CPU
		{BB493926-892B-46D8-9074-646979477DC6}.Release|Any CPU.ActiveCfg = Release|Any CPU
		{BB493926-892B-46D8-9074-646979477DC6}.Release|Any CPU.Build.0 = Release|Any CPU
		{80B7D87B-049D-40D0-839E-FF35E7BDDA8F}.Debug|Any CPU.ActiveCfg = Debug|Any CPU
		{80B7D87B-049D-40D0-839E-FF35E7BDDA8F}.Debug|Any CPU.Build.0 = Debug|Any CPU
		{80B7D87B-049D-40D0-839E-FF35E7BDDA8F}.Release|Any CPU.ActiveCfg = Release|Any CPU
		{80B7D87B-049D-40D0-839E-FF35E7BDDA8F}.Release|Any CPU.Build.0 = Release|Any CPU
		{8BE73AF4-3DF5-4500-900C-AA617FC7877C}.Debug|Any CPU.ActiveCfg = Debug|Any CPU
		{8BE73AF4-3DF5-4500-900C-AA617FC7877C}.Debug|Any CPU.Build.0 = Debug|Any CPU
		{8BE73AF4-3DF5-4500-900C-AA617FC7877C}.Release|Any CPU.ActiveCfg = Release|Any CPU
		{8BE73AF4-3DF5-4500-900C-AA617FC7877C}.Release|Any CPU.Build.0 = Release|Any CPU
		{0DBF4620-94BD-468F-90EA-3D5969262C0B}.Debug|Any CPU.ActiveCfg = Debug|Any CPU
		{0DBF4620-94BD-468F-90EA-3D5969262C0B}.Debug|Any CPU.Build.0 = Debug|Any CPU
		{0DBF4620-94BD-468F-90EA-3D5969262C0B}.Release|Any CPU.ActiveCfg = Release|Any CPU
		{0DBF4620-94BD-468F-90EA-3D5969262C0B}.Release|Any CPU.Build.0 = Release|Any CPU
		{9A2AC58B-44C7-4C2B-A5AF-D419E26DE154}.Debug|Any CPU.ActiveCfg = Debug|Any CPU
		{9A2AC58B-44C7-4C2B-A5AF-D419E26DE154}.Debug|Any CPU.Build.0 = Debug|Any CPU
		{9A2AC58B-44C7-4C2B-A5AF-D419E26DE154}.Release|Any CPU.ActiveCfg = Release|Any CPU
		{9A2AC58B-44C7-4C2B-A5AF-D419E26DE154}.Release|Any CPU.Build.0 = Release|Any CPU
		{1D9CA46C-DF20-47A6-BEF9-6C9889FE6FA2}.Debug|Any CPU.ActiveCfg = Debug|Any CPU
		{1D9CA46C-DF20-47A6-BEF9-6C9889FE6FA2}.Debug|Any CPU.Build.0 = Debug|Any CPU
		{1D9CA46C-DF20-47A6-BEF9-6C9889FE6FA2}.Release|Any CPU.ActiveCfg = Release|Any CPU
		{1D9CA46C-DF20-47A6-BEF9-6C9889FE6FA2}.Release|Any CPU.Build.0 = Release|Any CPU
		{83AA947A-629A-446F-8A5E-979B4452C750}.Debug|Any CPU.ActiveCfg = Debug|Any CPU
		{83AA947A-629A-446F-8A5E-979B4452C750}.Debug|Any CPU.Build.0 = Debug|Any CPU
		{83AA947A-629A-446F-8A5E-979B4452C750}.Release|Any CPU.ActiveCfg = Release|Any CPU
		{83AA947A-629A-446F-8A5E-979B4452C750}.Release|Any CPU.Build.0 = Release|Any CPU
		{A63C7001-8397-4EC8-BAE2-2A3610292C2A}.Debug|Any CPU.ActiveCfg = Debug|Any CPU
		{A63C7001-8397-4EC8-BAE2-2A3610292C2A}.Debug|Any CPU.Build.0 = Debug|Any CPU
		{A63C7001-8397-4EC8-BAE2-2A3610292C2A}.Release|Any CPU.ActiveCfg = Release|Any CPU
		{A63C7001-8397-4EC8-BAE2-2A3610292C2A}.Release|Any CPU.Build.0 = Release|Any CPU
		{992E3F44-6F27-487A-8F13-42ACF73DAD1F}.Debug|Any CPU.ActiveCfg = Debug|Any CPU
		{992E3F44-6F27-487A-8F13-42ACF73DAD1F}.Debug|Any CPU.Build.0 = Debug|Any CPU
		{992E3F44-6F27-487A-8F13-42ACF73DAD1F}.Release|Any CPU.ActiveCfg = Release|Any CPU
		{992E3F44-6F27-487A-8F13-42ACF73DAD1F}.Release|Any CPU.Build.0 = Release|Any CPU
		{458D93B0-732F-4D54-9DE2-83F6F3C43A10}.Debug|Any CPU.ActiveCfg = Debug|Any CPU
		{458D93B0-732F-4D54-9DE2-83F6F3C43A10}.Debug|Any CPU.Build.0 = Debug|Any CPU
		{458D93B0-732F-4D54-9DE2-83F6F3C43A10}.Release|Any CPU.ActiveCfg = Release|Any CPU
		{458D93B0-732F-4D54-9DE2-83F6F3C43A10}.Release|Any CPU.Build.0 = Release|Any CPU
		{D5052A43-EAE4-4B17-8FB2-CCD7091D3E06}.Debug|Any CPU.ActiveCfg = Debug|Any CPU
		{D5052A43-EAE4-4B17-8FB2-CCD7091D3E06}.Debug|Any CPU.Build.0 = Debug|Any CPU
		{D5052A43-EAE4-4B17-8FB2-CCD7091D3E06}.Release|Any CPU.ActiveCfg = Release|Any CPU
		{D5052A43-EAE4-4B17-8FB2-CCD7091D3E06}.Release|Any CPU.Build.0 = Release|Any CPU
		{C177FD10-6BDA-45A9-9C39-C6CAA8DD0515}.Debug|Any CPU.ActiveCfg = Debug|Any CPU
		{C177FD10-6BDA-45A9-9C39-C6CAA8DD0515}.Debug|Any CPU.Build.0 = Debug|Any CPU
		{C177FD10-6BDA-45A9-9C39-C6CAA8DD0515}.Release|Any CPU.ActiveCfg = Release|Any CPU
		{C177FD10-6BDA-45A9-9C39-C6CAA8DD0515}.Release|Any CPU.Build.0 = Release|Any CPU
		{FEBA4ECC-4D95-4575-9455-E397BDF952B2}.Debug|Any CPU.ActiveCfg = Debug|Any CPU
		{FEBA4ECC-4D95-4575-9455-E397BDF952B2}.Debug|Any CPU.Build.0 = Debug|Any CPU
		{FEBA4ECC-4D95-4575-9455-E397BDF952B2}.Release|Any CPU.ActiveCfg = Release|Any CPU
		{FEBA4ECC-4D95-4575-9455-E397BDF952B2}.Release|Any CPU.Build.0 = Release|Any CPU
		{DA95E057-6B8D-4A3A-9A09-6FB461CD9C4C}.Debug|Any CPU.ActiveCfg = Debug|Any CPU
		{DA95E057-6B8D-4A3A-9A09-6FB461CD9C4C}.Debug|Any CPU.Build.0 = Debug|Any CPU
		{DA95E057-6B8D-4A3A-9A09-6FB461CD9C4C}.Release|Any CPU.ActiveCfg = Release|Any CPU
		{DA95E057-6B8D-4A3A-9A09-6FB461CD9C4C}.Release|Any CPU.Build.0 = Release|Any CPU
		{119DA86A-B29C-4934-A726-E572E67BDCA1}.Debug|Any CPU.ActiveCfg = Debug|Any CPU
		{119DA86A-B29C-4934-A726-E572E67BDCA1}.Debug|Any CPU.Build.0 = Debug|Any CPU
		{119DA86A-B29C-4934-A726-E572E67BDCA1}.Release|Any CPU.ActiveCfg = Release|Any CPU
		{119DA86A-B29C-4934-A726-E572E67BDCA1}.Release|Any CPU.Build.0 = Release|Any CPU
		{C93C262D-4095-4095-B50B-840D224F2297}.Debug|Any CPU.ActiveCfg = Debug|Any CPU
		{C93C262D-4095-4095-B50B-840D224F2297}.Debug|Any CPU.Build.0 = Debug|Any CPU
		{C93C262D-4095-4095-B50B-840D224F2297}.Release|Any CPU.ActiveCfg = Release|Any CPU
		{C93C262D-4095-4095-B50B-840D224F2297}.Release|Any CPU.Build.0 = Release|Any CPU
		{A428745B-0380-401B-A5D2-1B9DA7435A2B}.Debug|Any CPU.ActiveCfg = Debug|Any CPU
		{A428745B-0380-401B-A5D2-1B9DA7435A2B}.Debug|Any CPU.Build.0 = Debug|Any CPU
		{A428745B-0380-401B-A5D2-1B9DA7435A2B}.Release|Any CPU.ActiveCfg = Release|Any CPU
		{A428745B-0380-401B-A5D2-1B9DA7435A2B}.Release|Any CPU.Build.0 = Release|Any CPU
		{6DB49ADB-3D55-4D31-9275-C8C9D70BEE63}.Debug|Any CPU.ActiveCfg = Debug|Any CPU
		{6DB49ADB-3D55-4D31-9275-C8C9D70BEE63}.Debug|Any CPU.Build.0 = Debug|Any CPU
		{6DB49ADB-3D55-4D31-9275-C8C9D70BEE63}.Release|Any CPU.ActiveCfg = Release|Any CPU
		{6DB49ADB-3D55-4D31-9275-C8C9D70BEE63}.Release|Any CPU.Build.0 = Release|Any CPU
		{C8AEF08B-71B7-4E8F-BBDC-088C69F78F48}.Debug|Any CPU.ActiveCfg = Debug|Any CPU
		{C8AEF08B-71B7-4E8F-BBDC-088C69F78F48}.Debug|Any CPU.Build.0 = Debug|Any CPU
		{C8AEF08B-71B7-4E8F-BBDC-088C69F78F48}.Release|Any CPU.ActiveCfg = Release|Any CPU
		{C8AEF08B-71B7-4E8F-BBDC-088C69F78F48}.Release|Any CPU.Build.0 = Release|Any CPU
		{3D62DE6F-4D7B-48E3-8AFD-3C95C899D6BD}.Debug|Any CPU.ActiveCfg = Debug|Any CPU
		{3D62DE6F-4D7B-48E3-8AFD-3C95C899D6BD}.Debug|Any CPU.Build.0 = Debug|Any CPU
		{3D62DE6F-4D7B-48E3-8AFD-3C95C899D6BD}.Release|Any CPU.ActiveCfg = Release|Any CPU
		{3D62DE6F-4D7B-48E3-8AFD-3C95C899D6BD}.Release|Any CPU.Build.0 = Release|Any CPU
		{73B8FEC2-E39A-4F81-9633-62B8016B787B}.Debug|Any CPU.ActiveCfg = Debug|Any CPU
		{73B8FEC2-E39A-4F81-9633-62B8016B787B}.Debug|Any CPU.Build.0 = Debug|Any CPU
		{73B8FEC2-E39A-4F81-9633-62B8016B787B}.Release|Any CPU.ActiveCfg = Release|Any CPU
		{73B8FEC2-E39A-4F81-9633-62B8016B787B}.Release|Any CPU.Build.0 = Release|Any CPU
	EndGlobalSection
	GlobalSection(SolutionProperties) = preSolution
		HideSolutionNode = FALSE
	EndGlobalSection
	GlobalSection(NestedProjects) = preSolution
		{80B7D87B-049D-40D0-839E-FF35E7BDDA8F} = {492CB7C4-6AD6-42EC-9265-95325A4F55B8}
		{1D9CA46C-DF20-47A6-BEF9-6C9889FE6FA2} = {492CB7C4-6AD6-42EC-9265-95325A4F55B8}
		{D5052A43-EAE4-4B17-8FB2-CCD7091D3E06} = {4330D3DE-CA7D-4679-B439-A2143169B83D}
		{C177FD10-6BDA-45A9-9C39-C6CAA8DD0515} = {4330D3DE-CA7D-4679-B439-A2143169B83D}
		{FEBA4ECC-4D95-4575-9455-E397BDF952B2} = {4330D3DE-CA7D-4679-B439-A2143169B83D}
		{DA95E057-6B8D-4A3A-9A09-6FB461CD9C4C} = {4330D3DE-CA7D-4679-B439-A2143169B83D}
		{119DA86A-B29C-4934-A726-E572E67BDCA1} = {4330D3DE-CA7D-4679-B439-A2143169B83D}
		{C93C262D-4095-4095-B50B-840D224F2297} = {4330D3DE-CA7D-4679-B439-A2143169B83D}
		{A428745B-0380-401B-A5D2-1B9DA7435A2B} = {4330D3DE-CA7D-4679-B439-A2143169B83D}
		{6DB49ADB-3D55-4D31-9275-C8C9D70BEE63} = {4330D3DE-CA7D-4679-B439-A2143169B83D}
		{C8AEF08B-71B7-4E8F-BBDC-088C69F78F48} = {4330D3DE-CA7D-4679-B439-A2143169B83D}
		{3D62DE6F-4D7B-48E3-8AFD-3C95C899D6BD} = {4330D3DE-CA7D-4679-B439-A2143169B83D}
		{73B8FEC2-E39A-4F81-9633-62B8016B787B} = {4330D3DE-CA7D-4679-B439-A2143169B83D}
	EndGlobalSection
	GlobalSection(ExtensibilityGlobals) = postSolution
		SolutionGuid = {E44ED8FC-A111-4AD4-BEAF-7BE626EADA14}
	EndGlobalSection
EndGlobal
